
Microsoft Visual Studio Solution File, Format Version 12.00
# Visual Studio 15
VisualStudioVersion = 15.0.26403.3
MinimumVisualStudioVersion = 10.0.40219.1
Project("{FAE04EC0-301F-11D3-BF4B-00C04F79EFBC}") = "ITlab6", "ITlab6\ITlab6.csproj", "{7960066D-E77D-445C-B393-D52EBE3DCA28}"
EndProject
Global
	GlobalSection(SolutionConfigurationPlatforms) = preSolution
		Debug|Any CPU = Debug|Any CPU
		Release|Any CPU = Release|Any CPU
	EndGlobalSection
	GlobalSection(ProjectConfigurationPlatforms) = postSolution
		{7960066D-E77D-445C-B393-D52EBE3DCA28}.Debug|Any CPU.ActiveCfg = Debug|Any CPU
		{7960066D-E77D-445C-B393-D52EBE3DCA28}.Debug|Any CPU.Build.0 = Debug|Any CPU
		{7960066D-E77D-445C-B393-D52EBE3DCA28}.Release|Any CPU.ActiveCfg = Release|Any CPU
		{7960066D-E77D-445C-B393-D52EBE3DCA28}.Release|Any CPU.Build.0 = Release|Any CPU
	EndGlobalSection
	GlobalSection(SolutionProperties) = preSolution
		HideSolutionNode = FALSE
	EndGlobalSection
EndGlobal
